
Microsoft Visual Studio Solution File, Format Version 12.00
# Visual Studio 2013
VisualStudioVersion = 12.0.31101.0
MinimumVisualStudioVersion = 10.0.40219.1
Project("{FAE04EC0-301F-11D3-BF4B-00C04F79EFBC}") = "FoxzyDBSql", "FoxzyDBSql\FoxzyDBSql.csproj", "{49DA4633-9FB2-433B-A706-E2B612C514A0}"
EndProject
Project("{FAE04EC0-301F-11D3-BF4B-00C04F79EFBC}") = "FoxzyDBSqlTests", "FoxzyDBSqlTests\FoxzyDBSqlTests.csproj", "{33B34A42-9ADF-497F-AF60-A272341A710E}"
EndProject
Global
	GlobalSection(SolutionConfigurationPlatforms) = preSolution
		Debug|Any CPU = Debug|Any CPU
		Release|Any CPU = Release|Any CPU
	EndGlobalSection
	GlobalSection(ProjectConfigurationPlatforms) = postSolution
		{49DA4633-9FB2-433B-A706-E2B612C514A0}.Debug|Any CPU.ActiveCfg = Debug|Any CPU
		{49DA4633-9FB2-433B-A706-E2B612C514A0}.Debug|Any CPU.Build.0 = Debug|Any CPU
		{49DA4633-9FB2-433B-A706-E2B612C514A0}.Release|Any CPU.ActiveCfg = Release|Any CPU
		{49DA4633-9FB2-433B-A706-E2B612C514A0}.Release|Any CPU.Build.0 = Release|Any CPU
		{33B34A42-9ADF-497F-AF60-A272341A710E}.Debug|Any CPU.ActiveCfg = Debug|Any CPU
		{33B34A42-9ADF-497F-AF60-A272341A710E}.Debug|Any CPU.Build.0 = Debug|Any CPU
		{33B34A42-9ADF-497F-AF60-A272341A710E}.Release|Any CPU.ActiveCfg = Release|Any CPU
		{33B34A42-9ADF-497F-AF60-A272341A710E}.Release|Any CPU.Build.0 = Release|Any CPU
	EndGlobalSection
	GlobalSection(SolutionProperties) = preSolution
		HideSolutionNode = FALSE
	EndGlobalSection
EndGlobal
